
Microsoft Visual Studio Solution File, Format Version 12.00
# Visual Studio Version 17
VisualStudioVersion = 17.14.36518.9 d17.14
MinimumVisualStudioVersion = 10.0.40219.1
Project("{FAE04EC0-301F-11D3-BF4B-00C04F79EFBC}") = "ConsoleApp1", "ConsoleApp1.csproj", "{2D640836-C8F1-4D6C-9AE8-A2D57BB0C233}"
EndProject
Global
	GlobalSection(SolutionConfigurationPlatforms) = preSolution
		Debug|Any CPU = Debug|Any CPU
		Release|Any CPU = Release|Any CPU
	EndGlobalSection
	GlobalSection(ProjectConfigurationPlatforms) = postSolution
		{2D640836-C8F1-4D6C-9AE8-A2D57BB0C233}.Debug|Any CPU.ActiveCfg = Debug|Any CPU
		{2D640836-C8F1-4D6C-9AE8-A2D57BB0C233}.Debug|Any CPU.Build.0 = Debug|Any CPU
		{2D640836-C8F1-4D6C-9AE8-A2D57BB0C233}.Release|Any CPU.ActiveCfg = Release|Any CPU
		{2D640836-C8F1-4D6C-9AE8-A2D57BB0C233}.Release|Any CPU.Build.0 = Release|Any CPU
	EndGlobalSection
	GlobalSection(SolutionProperties) = preSolution
		HideSolutionNode = FALSE
	EndGlobalSection
	GlobalSection(ExtensibilityGlobals) = postSolution
		SolutionGuid = {A608866B-0E88-40F9-A7F7-16C1A69B9B53}
	EndGlobalSection
EndGlobal
